github.com/julienschmidt/httprouter v1.3.0 h1:U0609e9tgbseu3rBINet9P48AI/D3oJs4dN7jwJOQ1U=
github.com/julienschmidt/httprouter v1.3.0/go.mod h1:JR6WtHb+2LUe8TCKY3cZOxFyyO8IZAc4RVcycCCAKdM=
github.com/ydnar/wasm-tools-go v0.0.0-20240511034548-aa782301db37 h1:BFQnELZ7j34CEnITRHI5IIWIq32p43QH4SwWJvwRKyI=
github.com/ydnar/wasm-tools-go v0.0.0-20240511034548-aa782301db37/go.mod h1:BH/aDJc4vtWac/WrB+ouwv0RbSH9OFvJGKmt983fZPs=
